
Microsoft Visual Studio Solution File, Format Version 12.00
# Visual Studio Version 16
VisualStudioVersion = 16.0.30320.27
MinimumVisualStudioVersion = 10.0.40219.1
Project("{FAE04EC0-301F-11D3-BF4B-00C04F79EFBC}") = "TaxesManagerClient", "TaxesManagerClient\TaxesManagerClient.csproj", "{492CB7E8-996F-468E-B24E-80B555F442B1}"
EndProject
Project("{FAE04EC0-301F-11D3-BF4B-00C04F79EFBC}") = "Domain", "Domain\Domain.csproj", "{B0F86F65-11D0-4879-BDF1-5B6BF886AF9A}"
EndProject
Project("{FAE04EC0-301F-11D3-BF4B-00C04F79EFBC}") = "Application", "Application\Application.csproj", "{6E7DDF0B-44E2-487A-8F7D-B208766CEB5A}"
EndProject
Global
	GlobalSection(SolutionConfigurationPlatforms) = preSolution
		Debug|Any CPU = Debug|Any CPU
		Release|Any CPU = Release|Any CPU
	EndGlobalSection
	GlobalSection(ProjectConfigurationPlatforms) = postSolution
		{492CB7E8-996F-468E-B24E-80B555F442B1}.Debug|Any CPU.ActiveCfg = Debug|Any CPU
		{492CB7E8-996F-468E-B24E-80B555F442B1}.Debug|Any CPU.Build.0 = Debug|Any CPU
		{492CB7E8-996F-468E-B24E-80B555F442B1}.Release|Any CPU.ActiveCfg = Release|Any CPU
		{492CB7E8-996F-468E-B24E-80B555F442B1}.Release|Any CPU.Build.0 = Release|Any CPU
		{B0F86F65-11D0-4879-BDF1-5B6BF886AF9A}.Debug|Any CPU.ActiveCfg = Debug|Any CPU
		{B0F86F65-11D0-4879-BDF1-5B6BF886AF9A}.Debug|Any CPU.Build.0 = Debug|Any CPU
		{B0F86F65-11D0-4879-BDF1-5B6BF886AF9A}.Release|Any CPU.ActiveCfg = Release|Any CPU
		{B0F86F65-11D0-4879-BDF1-5B6BF886AF9A}.Release|Any CPU.Build.0 = Release|Any CPU
		{6E7DDF0B-44E2-487A-8F7D-B208766CEB5A}.Debug|Any CPU.ActiveCfg = Debug|Any CPU
		{6E7DDF0B-44E2-487A-8F7D-B208766CEB5A}.Debug|Any CPU.Build.0 = Debug|Any CPU
		{6E7DDF0B-44E2-487A-8F7D-B208766CEB5A}.Release|Any CPU.ActiveCfg = Release|Any CPU
		{6E7DDF0B-44E2-487A-8F7D-B208766CEB5A}.Release|Any CPU.Build.0 = Release|Any CPU
	EndGlobalSection
	GlobalSection(SolutionProperties) = preSolution
		HideSolutionNode = FALSE
	EndGlobalSection
	GlobalSection(ExtensibilityGlobals) = postSolution
		SolutionGuid = {191B4B02-4932-4609-A249-77312CD3C5E8}
	EndGlobalSection
EndGlobal
